<?xml version="1.0" encoding="utf-8"?>
<Project xmlns="http://schemas.microsoft.com/developer/msbuild/2003">
  <ItemGroup>
    <Filter Include="Form Files">
      <UniqueIdentifier>{99349809-55BA-4b9d-BF79-8FDBB0286EB3}</UniqueIdentifier>
      <Extensions>ui</Extensions>
      <ParseFiles>false</ParseFiles>
    </Filter>
    <Filter Include="Form Files">
      <UniqueIdentifier>{99349809-55BA-4b9d-BF79-8FDBB0286EB3}</UniqueIdentifier>
      <Extensions>ui</Extensions>
      <ParseFiles>false</ParseFiles>
    </Filter>
    <Filter Include="Generated Files">
      <UniqueIdentifier>{71ED8ED8-ACB9-4CE9-BBE1-E00B30144E11}</UniqueIdentifier>
      <Extensions>cpp;c;cxx;moc;h;def;odl;idl;res;</Extensions>
    </Filter>
    <Filter Include="Generated Files">
      <UniqueIdentifier>{71ED8ED8-ACB9-4CE9-BBE1-E00B30144E11}</UniqueIdentifier>
      <Extensions>cpp;c;cxx;moc;h;def;odl;idl;res;</Extensions>
    </Filter>
    <Filter Include="Header Files">
      <UniqueIdentifier>{93995380-89BD-4b04-88EB-625FBE52EBFB}</UniqueIdentifier>
      <Extensions>h;hpp;hxx;hm;inl;inc;xsd</Extensions>
    </Filter>
    <Filter Include="Header Files">
      <UniqueIdentifier>{93995380-89BD-4b04-88EB-625FBE52EBFB}</UniqueIdentifier>
      <Extensions>h;hpp;hxx;hm;inl;inc;xsd</Extensions>
    </Filter>
    <Filter Include="Source Files">
      <UniqueIdentifier>{4FC737F1-C7A5-4376-A066-2A32D752A2FF}</UniqueIdentifier>
      <Extensions>cpp;c;cxx;def;odl;idl;hpj;bat;asm;asmx</Extensions>
    </Filter>
    <Filter Include="Source Files">
      <UniqueIdentifier>{4FC737F1-C7A5-4376-A066-2A32D752A2FF}</UniqueIdentifier>
      <Extensions>cpp;c;cxx;def;odl;idl;hpj;bat;asm;asmx</Extensions>
    </Filter>
    <Filter Include="Distribution Files">
      <UniqueIdentifier>{B83CAF91-C7BF-462F-B76C-EA11631F866C}</UniqueIdentifier>
      <Extensions>*</Extensions>
      <ParseFiles>false</ParseFiles>
    </Filter>
    <Filter Include="Distribution Files">
      <UniqueIdentifier>{B83CAF91-C7BF-462F-B76C-EA11631F866C}</UniqueIdentifier>
      <Extensions>*</Extensions>
      <ParseFiles>false</ParseFiles>
    </Filter>
  </ItemGroup>
  <ItemGroup>
    <ClCompile Include="Actor.cpp">
      <Filter>Source Files</Filter>
    </ClCompile>
    <ClCompile Include="Arrow.cpp">
      <Filter>Source Files</Filter>
    </ClCompile>
    <ClCompile Include="Axis.cpp">
      <Filter>Source Files</Filter>
    </ClCompile>
    <ClCompile Include="BaseObject.cpp">
      <Filter>Source Files</Filter>
    </ClCompile>
    <ClCompile Include="Boundry2D.cpp">
      <Filter>Source Files</Filter>
    </ClCompile>
    <ClCompile Include="CameraComponent.cpp">
      <Filter>Source Files</Filter>
    </ClCompile>
    <ClCompile Include="CubePlayer.cpp">
      <Filter>Source Files</Filter>
    </ClCompile>
    <ClCompile Include="HealthPack.cpp">
      <Filter>Source Files</Filter>
    </ClCompile>
    <ClCompile Include="House.cpp">
      <Filter>Source Files</Filter>
    </ClCompile>
    <ClCompile Include="LineNPC.cpp">
      <Filter>Source Files</Filter>
    </ClCompile>
    <ClCompile Include="MeshComponent.cpp">
      <Filter>Source Files</Filter>
    </ClCompile>
    <ClCompile Include="Octree.cpp">
      <Filter>Source Files</Filter>
    </ClCompile>
    <ClCompile Include="Pawn.cpp">
      <Filter>Source Files</Filter>
    </ClCompile>
    <ClCompile Include="Plane.cpp">
      <Filter>Source Files</Filter>
    </ClCompile>
    <ClCompile Include="Meshes\PlaneMesh.cpp">
      <Filter>Source Files</Filter>
    </ClCompile>
    <ClCompile Include="PlayerController.cpp">
      <Filter>Source Files</Filter>
    </ClCompile>
    <ClCompile Include="Quadtree.cpp">
      <Filter>Source Files</Filter>
    </ClCompile>
    <ClCompile Include="Scenes\Scene1.cpp">
      <Filter>Source Files</Filter>
    </ClCompile>
    <ClCompile Include="SceneComponent.cpp">
      <Filter>Source Files</Filter>
    </ClCompile>
    <ClCompile Include="Shader.cpp">
      <Filter>Source Files</Filter>
    </ClCompile>
    <ClCompile Include="StaticSceneCamera.cpp">
      <Filter>Source Files</Filter>
    </ClCompile>
    <ClCompile Include="Texture2D.cpp">
      <Filter>Source Files</Filter>
    </ClCompile>
    <ClCompile Include="Scenes\TextureScene.cpp">
      <Filter>Source Files</Filter>
    </ClCompile>
    <ClCompile Include="VisualFunction2D.cpp">
      <Filter>Source Files</Filter>
    </ClCompile>
    <ClCompile Include="VisualFunction3D.cpp">
      <Filter>Source Files</Filter>
    </ClCompile>
    <ClCompile Include="VisualPoints.cpp">
      <Filter>Source Files</Filter>
    </ClCompile>
    <ClCompile Include="World.cpp">
      <Filter>Source Files</Filter>
    </ClCompile>
    <ClCompile Include="XYZ.cpp">
      <Filter>Source Files</Filter>
    </ClCompile>
    <ClCompile Include="logger.cpp">
      <Filter>Source Files</Filter>
    </ClCompile>
    <ClCompile Include="main.cpp">
      <Filter>Source Files</Filter>
    </ClCompile>
    <ClCompile Include="mainwindow.cpp">
      <Filter>Source Files</Filter>
    </ClCompile>
    <ClCompile Include="renderwindow.cpp">
      <Filter>Source Files</Filter>
    </ClCompile>
    <ClCompile Include="Vendor\stb_image.cpp">
      <Filter>Source Files</Filter>
    </ClCompile>
    <ClCompile Include="SpringArmComponent.cpp">
      <Filter>Generated Files</Filter>
    </ClCompile>
    <ClCompile Include="DebugLogger.cpp">
      <Filter>Generated Files</Filter>
    </ClCompile>
    <ClCompile Include="TestCameraActor.cpp">
      <Filter>Generated Files</Filter>
    </ClCompile>
    <ClCompile Include="LineActor.cpp">
      <Filter>Generated Files</Filter>
    </ClCompile>
  </ItemGroup>
  <ItemGroup>
    <ClInclude Include="Actor.h">
      <Filter>Header Files</Filter>
    </ClInclude>
    <ClInclude Include="Arrow.h">
      <Filter>Header Files</Filter>
    </ClInclude>
    <ClInclude Include="Axis.h">
      <Filter>Header Files</Filter>
    </ClInclude>
    <ClInclude Include="BaseObject.h">
      <Filter>Header Files</Filter>
    </ClInclude>
    <ClInclude Include="Boundry2D.h">
      <Filter>Header Files</Filter>
    </ClInclude>
    <ClInclude Include="Camera.h">
      <Filter>Header Files</Filter>
    </ClInclude>
    <ClInclude Include="CameraComponent.h">
      <Filter>Header Files</Filter>
    </ClInclude>
    <ClInclude Include="Meshes\CubeMesh.h">
      <Filter>Header Files</Filter>
    </ClInclude>
    <ClInclude Include="CubePlayer.h">
      <Filter>Header Files</Filter>
    </ClInclude>
    <ClInclude Include="HealthPack.h">
      <Filter>Header Files</Filter>
    </ClInclude>
    <ClInclude Include="House.h">
      <Filter>Header Files</Filter>
    </ClInclude>
    <ClInclude Include="LineNPC.h">
      <Filter>Header Files</Filter>
    </ClInclude>
    <ClInclude Include="MathTasks.h">
      <Filter>Header Files</Filter>
    </ClInclude>
    <ClInclude Include="MeshComponent.h">
      <Filter>Header Files</Filter>
    </ClInclude>
    <ClInclude Include="Octree.h">
      <Filter>Header Files</Filter>
    </ClInclude>
    <ClInclude Include="PausableTimer.h">
      <Filter>Header Files</Filter>
    </ClInclude>
    <ClInclude Include="Pawn.h">
      <Filter>Header Files</Filter>
    </ClInclude>
    <ClInclude Include="Plane.h">
      <Filter>Header Files</Filter>
    </ClInclude>
    <ClInclude Include="Meshes\PlaneMesh.h">
      <Filter>Header Files</Filter>
    </ClInclude>
    <ClInclude Include="PlayerController.h">
      <Filter>Header Files</Filter>
    </ClInclude>
    <ClInclude Include="Quadtree.h">
      <Filter>Header Files</Filter>
    </ClInclude>
    <ClInclude Include="Renderer.h">
      <Filter>Header Files</Filter>
    </ClInclude>
    <ClInclude Include="Scenes\Scene1.h">
      <Filter>Header Files</Filter>
    </ClInclude>
    <ClInclude Include="SceneComponent.h">
      <Filter>Header Files</Filter>
    </ClInclude>
    <ClInclude Include="Shader.h">
      <Filter>Header Files</Filter>
    </ClInclude>
    <ClInclude Include="ShaderManager.h">
      <Filter>Header Files</Filter>
    </ClInclude>
    <ClInclude Include="StaticSceneCamera.h">
      <Filter>Header Files</Filter>
    </ClInclude>
    <ClInclude Include="Texture2D.h">
      <Filter>Header Files</Filter>
    </ClInclude>
    <ClInclude Include="Scenes\TextureScene.h">
      <Filter>Header Files</Filter>
    </ClInclude>
    <ClInclude Include="TimeManager.h">
      <Filter>Header Files</Filter>
    </ClInclude>
    <ClInclude Include="VertexClasses.h">
      <Filter>Header Files</Filter>
    </ClInclude>
    <ClInclude Include="VisualFunction2D.h">
      <Filter>Header Files</Filter>
    </ClInclude>
    <ClInclude Include="VisualFunction3D.h">
      <Filter>Header Files</Filter>
    </ClInclude>
    <ClInclude Include="VisualObject.h">
      <Filter>Header Files</Filter>
    </ClInclude>
    <ClInclude Include="VisualPoints.h">
      <Filter>Header Files</Filter>
    </ClInclude>
    <ClInclude Include="World.h">
      <Filter>Header Files</Filter>
    </ClInclude>
    <ClInclude Include="WorldManager.h">
      <Filter>Header Files</Filter>
    </ClInclude>
    <ClInclude Include="XYZ.h">
      <Filter>Header Files</Filter>
    </ClInclude>
    <ClInclude Include="enums.h">
      <Filter>Header Files</Filter>
    </ClInclude>
    <ClInclude Include="functions.h">
      <Filter>Header Files</Filter>
    </ClInclude>
    <ClInclude Include="logger.h">
      <Filter>Header Files</Filter>
    </ClInclude>
    <QtMoc Include="mainwindow.h">
      <Filter>Header Files</Filter>
    </QtMoc>
    <QtMoc Include="renderwindow.h">
      <Filter>Header Files</Filter>
    </QtMoc>
    <ClInclude Include="Vendor\stb_image.h">
      <Filter>Header Files</Filter>
    </ClInclude>
    <ClInclude Include="SpringArmComponent.h">
      <Filter>Generated Files</Filter>
    </ClInclude>
    <ClInclude Include="DebugLogger.h">
      <Filter>Generated Files</Filter>
    </ClInclude>
    <ClInclude Include="TestCameraActor.h">
      <Filter>Generated Files</Filter>
    </ClInclude>
    <ClInclude Include="LineActor.h">
      <Filter>Generated Files</Filter>
    </ClInclude>
    <ClInclude Include="Meshes\LineMesh.h">
      <Filter>Generated Files</Filter>
    </ClInclude>
  </ItemGroup>
  <ItemGroup>
    <CustomBuild Include="debug\moc_predefs.h.cbt">
      <Filter>Generated Files</Filter>
    </CustomBuild>
    <CustomBuild Include="release\moc_predefs.h.cbt">
      <Filter>Generated Files</Filter>
    </CustomBuild>
  </ItemGroup>
  <ItemGroup>
    <QtUic Include="mainwindow.ui">
      <Filter>Form Files</Filter>
    </QtUic>
  </ItemGroup>
  <ItemGroup>
    <None Include="fragment.frag">
      <Filter>Distribution Files</Filter>
    </None>
    <None Include="plainshader.frag">
      <Filter>Distribution Files</Filter>
    </None>
    <None Include="plainshader.vert">
      <Filter>Distribution Files</Filter>
    </None>
    <None Include="texturefragshader.frag">
      <Filter>Distribution Files</Filter>
    </None>
    <None Include="texturevertshader.vert">
      <Filter>Distribution Files</Filter>
    </None>
    <None Include="vertex.vert">
      <Filter>Distribution Files</Filter>
    </None>
  </ItemGroup>
</Project>